
Microsoft Visual Studio Solution File, Format Version 12.00
# Visual Studio Version 17
VisualStudioVersion = 17.0.31903.59
MinimumVisualStudioVersion = 10.0.40219.1
Project("{2150E333-8FDC-42A3-9474-1A3956D46DE8}") = "src", "src", "{827E0CD3-B72D-47B6-A68D-7590B98EB39B}"
EndProject
Project("{FAE04EC0-301F-11D3-BF4B-00C04F79EFBC}") = "Arquetipo.Api", "src\Arquetipo.Api\Arquetipo.Api.csproj", "{15FAB3CB-365A-428D-87F2-DE7D995A2B76}"
EndProject
Project("{FAE04EC0-301F-11D3-BF4B-00C04F79EFBC}") = "Arquetipo.Application", "src\Arquetipo.Application\Arquetipo.Application.csproj", "{0F954040-25FA-4DCC-9BE7-B2A6BDB12E71}"
EndProject
Project("{FAE04EC0-301F-11D3-BF4B-00C04F79EFBC}") = "Arquetipo.Domain", "src\Arquetipo.Domain\Arquetipo.Domain.csproj", "{FA97FC4F-6701-469B-BBEB-C06731CB89DC}"
EndProject
Project("{FAE04EC0-301F-11D3-BF4B-00C04F79EFBC}") = "Arquetipo.Infrastructure", "src\Arquetipo.Infrastructure\Arquetipo.Infrastructure.csproj", "{F2ABEA21-785B-4331-923D-F4C0A08B37B1}"
EndProject
Project("{2150E333-8FDC-42A3-9474-1A3956D46DE8}") = "test", "test", "{0C88DD14-F956-CE84-757C-A364CCF449FC}"
EndProject
Project("{FAE04EC0-301F-11D3-BF4B-00C04F79EFBC}") = "Arquetipo.Tests", "test\Arquetipo.Tests\Arquetipo.Tests.csproj", "{2466995B-04A1-499F-A612-BB047375BB5C}"
EndProject
Project("{FAE04EC0-301F-11D3-BF4B-00C04F79EFBC}") = "Arquetipo.Architecture.UnitTest", "test\Arquetipo.Architecture.UnitTest\Arquetipo.Architecture.UnitTest.csproj", "{AA079C84-27D4-4A27-818F-178935AB304B}"
EndProject
Global
	GlobalSection(SolutionConfigurationPlatforms) = preSolution
		Debug|Any CPU = Debug|Any CPU
		Debug|x64 = Debug|x64
		Debug|x86 = Debug|x86
		Release|Any CPU = Release|Any CPU
		Release|x64 = Release|x64
		Release|x86 = Release|x86
	EndGlobalSection
	GlobalSection(ProjectConfigurationPlatforms) = postSolution
		{15FAB3CB-365A-428D-87F2-DE7D995A2B76}.Debug|Any CPU.ActiveCfg = Debug|Any CPU
		{15FAB3CB-365A-428D-87F2-DE7D995A2B76}.Debug|Any CPU.Build.0 = Debug|Any CPU
		{15FAB3CB-365A-428D-87F2-DE7D995A2B76}.Debug|x64.ActiveCfg = Debug|Any CPU
		{15FAB3CB-365A-428D-87F2-DE7D995A2B76}.Debug|x64.Build.0 = Debug|Any CPU
		{15FAB3CB-365A-428D-87F2-DE7D995A2B76}.Debug|x86.ActiveCfg = Debug|Any CPU
		{15FAB3CB-365A-428D-87F2-DE7D995A2B76}.Debug|x86.Build.0 = Debug|Any CPU
		{15FAB3CB-365A-428D-87F2-DE7D995A2B76}.Release|Any CPU.ActiveCfg = Release|Any CPU
		{15FAB3CB-365A-428D-87F2-DE7D995A2B76}.Release|Any CPU.Build.0 = Release|Any CPU
		{15FAB3CB-365A-428D-87F2-DE7D995A2B76}.Release|x64.ActiveCfg = Release|Any CPU
		{15FAB3CB-365A-428D-87F2-DE7D995A2B76}.Release|x64.Build.0 = Release|Any CPU
		{15FAB3CB-365A-428D-87F2-DE7D995A2B76}.Release|x86.ActiveCfg = Release|Any CPU
		{15FAB3CB-365A-428D-87F2-DE7D995A2B76}.Release|x86.Build.0 = Release|Any CPU
		{0F954040-25FA-4DCC-9BE7-B2A6BDB12E71}.Debug|Any CPU.ActiveCfg = Debug|Any CPU
		{0F954040-25FA-4DCC-9BE7-B2A6BDB12E71}.Debug|Any CPU.Build.0 = Debug|Any CPU
		{0F954040-25FA-4DCC-9BE7-B2A6BDB12E71}.Debug|x64.ActiveCfg = Debug|Any CPU
		{0F954040-25FA-4DCC-9BE7-B2A6BDB12E71}.Debug|x64.Build.0 = Debug|Any CPU
		{0F954040-25FA-4DCC-9BE7-B2A6BDB12E71}.Debug|x86.ActiveCfg = Debug|Any CPU
		{0F954040-25FA-4DCC-9BE7-B2A6BDB12E71}.Debug|x86.Build.0 = Debug|Any CPU
		{0F954040-25FA-4DCC-9BE7-B2A6BDB12E71}.Release|Any CPU.ActiveCfg = Release|Any CPU
		{0F954040-25FA-4DCC-9BE7-B2A6BDB12E71}.Release|Any CPU.Build.0 = Release|Any CPU
		{0F954040-25FA-4DCC-9BE7-B2A6BDB12E71}.Release|x64.ActiveCfg = Release|Any CPU
		{0F954040-25FA-4DCC-9BE7-B2A6BDB12E71}.Release|x64.Build.0 = Release|Any CPU
		{0F954040-25FA-4DCC-9BE7-B2A6BDB12E71}.Release|x86.ActiveCfg = Release|Any CPU
		{0F954040-25FA-4DCC-9BE7-B2A6BDB12E71}.Release|x86.Build.0 = Release|Any CPU
		{FA97FC4F-6701-469B-BBEB-C06731CB89DC}.Debug|Any CPU.ActiveCfg = Debug|Any CPU
		{FA97FC4F-6701-469B-BBEB-C06731CB89DC}.Debug|Any CPU.Build.0 = Debug|Any CPU
		{FA97FC4F-6701-469B-BBEB-C06731CB89DC}.Debug|x64.ActiveCfg = Debug|Any CPU
		{FA97FC4F-6701-469B-BBEB-C06731CB89DC}.Debug|x64.Build.0 = Debug|Any CPU
		{FA97FC4F-6701-469B-BBEB-C06731CB89DC}.Debug|x86.ActiveCfg = Debug|Any CPU
		{FA97FC4F-6701-469B-BBEB-C06731CB89DC}.Debug|x86.Build.0 = Debug|Any CPU
		{FA97FC4F-6701-469B-BBEB-C06731CB89DC}.Release|Any CPU.ActiveCfg = Release|Any CPU
		{FA97FC4F-6701-469B-BBEB-C06731CB89DC}.Release|Any CPU.Build.0 = Release|Any CPU
		{FA97FC4F-6701-469B-BBEB-C06731CB89DC}.Release|x64.ActiveCfg = Release|Any CPU
		{FA97FC4F-6701-469B-BBEB-C06731CB89DC}.Release|x64.Build.0 = Release|Any CPU
		{FA97FC4F-6701-469B-BBEB-C06731CB89DC}.Release|x86.ActiveCfg = Release|Any CPU
		{FA97FC4F-6701-469B-BBEB-C06731CB89DC}.Release|x86.Build.0 = Release|Any CPU
		{F2ABEA21-785B-4331-923D-F4C0A08B37B1}.Debug|Any CPU.ActiveCfg = Debug|Any CPU
		{F2ABEA21-785B-4331-923D-F4C0A08B37B1}.Debug|Any CPU.Build.0 = Debug|Any CPU
		{F2ABEA21-785B-4331-923D-F4C0A08B37B1}.Debug|x64.ActiveCfg = Debug|Any CPU
		{F2ABEA21-785B-4331-923D-F4C0A08B37B1}.Debug|x64.Build.0 = Debug|Any CPU
		{F2ABEA21-785B-4331-923D-F4C0A08B37B1}.Debug|x86.ActiveCfg = Debug|Any CPU
		{F2ABEA21-785B-4331-923D-F4C0A08B37B1}.Debug|x86.Build.0 = Debug|Any CPU
		{F2ABEA21-785B-4331-923D-F4C0A08B37B1}.Release|Any CPU.ActiveCfg = Release|Any CPU
		{F2ABEA21-785B-4331-923D-F4C0A08B37B1}.Release|Any CPU.Build.0 = Release|Any CPU
		{F2ABEA21-785B-4331-923D-F4C0A08B37B1}.Release|x64.ActiveCfg = Release|Any CPU
		{F2ABEA21-785B-4331-923D-F4C0A08B37B1}.Release|x64.Build.0 = Release|Any CPU
		{F2ABEA21-785B-4331-923D-F4C0A08B37B1}.Release|x86.ActiveCfg = Release|Any CPU
		{F2ABEA21-785B-4331-923D-F4C0A08B37B1}.Release|x86.Build.0 = Release|Any CPU
		{2466995B-04A1-499F-A612-BB047375BB5C}.Debug|Any CPU.ActiveCfg = Debug|Any CPU
		{2466995B-04A1-499F-A612-BB047375BB5C}.Debug|Any CPU.Build.0 = Debug|Any CPU
		{2466995B-04A1-499F-A612-BB047375BB5C}.Debug|x64.ActiveCfg = Debug|Any CPU
		{2466995B-04A1-499F-A612-BB047375BB5C}.Debug|x64.Build.0 = Debug|Any CPU
		{2466995B-04A1-499F-A612-BB047375BB5C}.Debug|x86.ActiveCfg = Debug|Any CPU
		{2466995B-04A1-499F-A612-BB047375BB5C}.Debug|x86.Build.0 = Debug|Any CPU
		{2466995B-04A1-499F-A612-BB047375BB5C}.Release|Any CPU.ActiveCfg = Release|Any CPU
		{2466995B-04A1-499F-A612-BB047375BB5C}.Release|Any CPU.Build.0 = Release|Any CPU
		{2466995B-04A1-499F-A612-BB047375BB5C}.Release|x64.ActiveCfg = Release|Any CPU
		{2466995B-04A1-499F-A612-BB047375BB5C}.Release|x64.Build.0 = Release|Any CPU
		{2466995B-04A1-499F-A612-BB047375BB5C}.Release|x86.ActiveCfg = Release|Any CPU
		{2466995B-04A1-499F-A612-BB047375BB5C}.Release|x86.Build.0 = Release|Any CPU
		{AA079C84-27D4-4A27-818F-178935AB304B}.Debug|Any CPU.ActiveCfg = Debug|Any CPU
		{AA079C84-27D4-4A27-818F-178935AB304B}.Debug|Any CPU.Build.0 = Debug|Any CPU
		{AA079C84-27D4-4A27-818F-178935AB304B}.Debug|x64.ActiveCfg = Debug|Any CPU
		{AA079C84-27D4-4A27-818F-178935AB304B}.Debug|x64.Build.0 = Debug|Any CPU
		{AA079C84-27D4-4A27-818F-178935AB304B}.Debug|x86.ActiveCfg = Debug|Any CPU
		{AA079C84-27D4-4A27-818F-178935AB304B}.Debug|x86.Build.0 = Debug|Any CPU
		{AA079C84-27D4-4A27-818F-178935AB304B}.Release|Any CPU.ActiveCfg = Release|Any CPU
		{AA079C84-27D4-4A27-818F-178935AB304B}.Release|Any CPU.Build.0 = Release|Any CPU
		{AA079C84-27D4-4A27-818F-178935AB304B}.Release|x64.ActiveCfg = Release|Any CPU
		{AA079C84-27D4-4A27-818F-178935AB304B}.Release|x64.Build.0 = Release|Any CPU
		{AA079C84-27D4-4A27-818F-178935AB304B}.Release|x86.ActiveCfg = Release|Any CPU
		{AA079C84-27D4-4A27-818F-178935AB304B}.Release|x86.Build.0 = Release|Any CPU
	EndGlobalSection
	GlobalSection(SolutionProperties) = preSolution
		HideSolutionNode = FALSE
	EndGlobalSection
	GlobalSection(NestedProjects) = preSolution
		{15FAB3CB-365A-428D-87F2-DE7D995A2B76} = {827E0CD3-B72D-47B6-A68D-7590B98EB39B}
		{0F954040-25FA-4DCC-9BE7-B2A6BDB12E71} = {827E0CD3-B72D-47B6-A68D-7590B98EB39B}
		{FA97FC4F-6701-469B-BBEB-C06731CB89DC} = {827E0CD3-B72D-47B6-A68D-7590B98EB39B}
		{F2ABEA21-785B-4331-923D-F4C0A08B37B1} = {827E0CD3-B72D-47B6-A68D-7590B98EB39B}
		{2466995B-04A1-499F-A612-BB047375BB5C} = {0C88DD14-F956-CE84-757C-A364CCF449FC}
		{AA079C84-27D4-4A27-818F-178935AB304B} = {0C88DD14-F956-CE84-757C-A364CCF449FC}
	EndGlobalSection
EndGlobal
